
Microsoft Visual Studio Solution File, Format Version 12.00
# Visual Studio 15
VisualStudioVersion = 15.0.27130.2010
MinimumVisualStudioVersion = 10.0.40219.1
Project("{FAE04EC0-301F-11D3-BF4B-00C04F79EFBC}") = "MyMvvmCrossApp.Core", "src\MyMvvmCrossApp.Core\MyMvvmCrossApp.Core.csproj", "{65496C68-3FF8-4C00-A999-71243CC36651}"
EndProject
Project("{FAE04EC0-301F-11D3-BF4B-00C04F79EFBC}") = "MyMvvmCrossApp.Droid", "src\MyMvvmCrossApp.Droid\MyMvvmCrossApp.Droid.csproj", "{D78A5C67-C30C-416B-AE10-702A7807057E}"
EndProject
Project("{2150E333-8FDC-42A3-9474-1A3956D46DE8}") = "!Solution Items", "!Solution Items", "{D3062229-0089-4DF1-883B-21EB21A2A1C3}"
	ProjectSection(SolutionItems) = preProject
		.editorconfig = .editorconfig
	EndProjectSection
EndProject
Global
	GlobalSection(SolutionConfigurationPlatforms) = preSolution
		Debug|Any CPU = Debug|Any CPU
		Debug|ARM = Debug|ARM
		Debug|iPhone = Debug|iPhone
		Debug|iPhoneSimulator = Debug|iPhoneSimulator
		Debug|x64 = Debug|x64
		Debug|x86 = Debug|x86
		Release|Any CPU = Release|Any CPU
		Release|ARM = Release|ARM
		Release|iPhone = Release|iPhone
		Release|iPhoneSimulator = Release|iPhoneSimulator
		Release|x64 = Release|x64
		Release|x86 = Release|x86
	EndGlobalSection
	GlobalSection(ProjectConfigurationPlatforms) = postSolution
		{65496C68-3FF8-4C00-A999-71243CC36651}.Debug|Any CPU.ActiveCfg = Debug|Any CPU
		{65496C68-3FF8-4C00-A999-71243CC36651}.Debug|Any CPU.Build.0 = Debug|Any CPU
		{65496C68-3FF8-4C00-A999-71243CC36651}.Debug|ARM.ActiveCfg = Debug|Any CPU
		{65496C68-3FF8-4C00-A999-71243CC36651}.Debug|ARM.Build.0 = Debug|Any CPU
		{65496C68-3FF8-4C00-A999-71243CC36651}.Debug|iPhone.ActiveCfg = Debug|Any CPU
		{65496C68-3FF8-4C00-A999-71243CC36651}.Debug|iPhone.Build.0 = Debug|Any CPU
		{65496C68-3FF8-4C00-A999-71243CC36651}.Debug|iPhoneSimulator.ActiveCfg = Debug|Any CPU
		{65496C68-3FF8-4C00-A999-71243CC36651}.Debug|iPhoneSimulator.Build.0 = Debug|Any CPU
		{65496C68-3FF8-4C00-A999-71243CC36651}.Debug|x64.ActiveCfg = Debug|Any CPU
		{65496C68-3FF8-4C00-A999-71243CC36651}.Debug|x64.Build.0 = Debug|Any CPU
		{65496C68-3FF8-4C00-A999-71243CC36651}.Debug|x86.ActiveCfg = Debug|Any CPU
		{65496C68-3FF8-4C00-A999-71243CC36651}.Debug|x86.Build.0 = Debug|Any CPU
		{65496C68-3FF8-4C00-A999-71243CC36651}.Release|Any CPU.ActiveCfg = Release|Any CPU
		{65496C68-3FF8-4C00-A999-71243CC36651}.Release|Any CPU.Build.0 = Release|Any CPU
		{65496C68-3FF8-4C00-A999-71243CC36651}.Release|ARM.ActiveCfg = Release|Any CPU
		{65496C68-3FF8-4C00-A999-71243CC36651}.Release|ARM.Build.0 = Release|Any CPU
		{65496C68-3FF8-4C00-A999-71243CC36651}.Release|iPhone.ActiveCfg = Release|Any CPU
		{65496C68-3FF8-4C00-A999-71243CC36651}.Release|iPhone.Build.0 = Release|Any CPU
		{65496C68-3FF8-4C00-A999-71243CC36651}.Release|iPhoneSimulator.ActiveCfg = Release|Any CPU
		{65496C68-3FF8-4C00-A999-71243CC36651}.Release|iPhoneSimulator.Build.0 = Release|Any CPU
		{65496C68-3FF8-4C00-A999-71243CC36651}.Release|x64.ActiveCfg = Release|Any CPU
		{65496C68-3FF8-4C00-A999-71243CC36651}.Release|x64.Build.0 = Release|Any CPU
		{65496C68-3FF8-4C00-A999-71243CC36651}.Release|x86.ActiveCfg = Release|Any CPU
		{65496C68-3FF8-4C00-A999-71243CC36651}.Release|x86.Build.0 = Release|Any CPU
		{D78A5C67-C30C-416B-AE10-702A7807057E}.Debug|Any CPU.ActiveCfg = Debug|Any CPU
		{D78A5C67-C30C-416B-AE10-702A7807057E}.Debug|Any CPU.Build.0 = Debug|Any CPU
		{D78A5C67-C30C-416B-AE10-702A7807057E}.Debug|Any CPU.Deploy.0 = Debug|Any CPU
		{D78A5C67-C30C-416B-AE10-702A7807057E}.Debug|ARM.ActiveCfg = Debug|Any CPU
		{D78A5C67-C30C-416B-AE10-702A7807057E}.Debug|ARM.Build.0 = Debug|Any CPU
		{D78A5C67-C30C-416B-AE10-702A7807057E}.Debug|ARM.Deploy.0 = Debug|Any CPU
		{D78A5C67-C30C-416B-AE10-702A7807057E}.Debug|iPhone.ActiveCfg = Debug|Any CPU
		{D78A5C67-C30C-416B-AE10-702A7807057E}.Debug|iPhone.Build.0 = Debug|Any CPU
		{D78A5C67-C30C-416B-AE10-702A7807057E}.Debug|iPhone.Deploy.0 = Debug|Any CPU
		{D78A5C67-C30C-416B-AE10-702A7807057E}.Debug|iPhoneSimulator.ActiveCfg = Debug|Any CPU
		{D78A5C67-C30C-416B-AE10-702A7807057E}.Debug|iPhoneSimulator.Build.0 = Debug|Any CPU
		{D78A5C67-C30C-416B-AE10-702A7807057E}.Debug|iPhoneSimulator.Deploy.0 = Debug|Any CPU
		{D78A5C67-C30C-416B-AE10-702A7807057E}.Debug|x64.ActiveCfg = Debug|Any CPU
		{D78A5C67-C30C-416B-AE10-702A7807057E}.Debug|x64.Build.0 = Debug|Any CPU
		{D78A5C67-C30C-416B-AE10-702A7807057E}.Debug|x64.Deploy.0 = Debug|Any CPU
		{D78A5C67-C30C-416B-AE10-702A7807057E}.Debug|x86.ActiveCfg = Debug|Any CPU
		{D78A5C67-C30C-416B-AE10-702A7807057E}.Debug|x86.Build.0 = Debug|Any CPU
		{D78A5C67-C30C-416B-AE10-702A7807057E}.Debug|x86.Deploy.0 = Debug|Any CPU
		{D78A5C67-C30C-416B-AE10-702A7807057E}.Release|Any CPU.ActiveCfg = Release|Any CPU
		{D78A5C67-C30C-416B-AE10-702A7807057E}.Release|Any CPU.Build.0 = Release|Any CPU
		{D78A5C67-C30C-416B-AE10-702A7807057E}.Release|Any CPU.Deploy.0 = Release|Any CPU
		{D78A5C67-C30C-416B-AE10-702A7807057E}.Release|ARM.ActiveCfg = Release|Any CPU
		{D78A5C67-C30C-416B-AE10-702A7807057E}.Release|ARM.Build.0 = Release|Any CPU
		{D78A5C67-C30C-416B-AE10-702A7807057E}.Release|ARM.Deploy.0 = Release|Any CPU
		{D78A5C67-C30C-416B-AE10-702A7807057E}.Release|iPhone.ActiveCfg = Release|Any CPU
		{D78A5C67-C30C-416B-AE10-702A7807057E}.Release|iPhone.Build.0 = Release|Any CPU
		{D78A5C67-C30C-416B-AE10-702A7807057E}.Release|iPhone.Deploy.0 = Release|Any CPU
		{D78A5C67-C30C-416B-AE10-702A7807057E}.Release|iPhoneSimulator.ActiveCfg = Release|Any CPU
		{D78A5C67-C30C-416B-AE10-702A7807057E}.Release|iPhoneSimulator.Build.0 = Release|Any CPU
		{D78A5C67-C30C-416B-AE10-702A7807057E}.Release|iPhoneSimulator.Deploy.0 = Release|Any CPU
		{D78A5C67-C30C-416B-AE10-702A7807057E}.Release|x64.ActiveCfg = Release|Any CPU
		{D78A5C67-C30C-416B-AE10-702A7807057E}.Release|x64.Build.0 = Release|Any CPU
		{D78A5C67-C30C-416B-AE10-702A7807057E}.Release|x64.Deploy.0 = Release|Any CPU
		{D78A5C67-C30C-416B-AE10-702A7807057E}.Release|x86.ActiveCfg = Release|Any CPU
		{D78A5C67-C30C-416B-AE10-702A7807057E}.Release|x86.Build.0 = Release|Any CPU
		{D78A5C67-C30C-416B-AE10-702A7807057E}.Release|x86.Deploy.0 = Release|Any CPU
	EndGlobalSection
	GlobalSection(SolutionProperties) = preSolution
		HideSolutionNode = FALSE
	EndGlobalSection
	GlobalSection(ExtensibilityGlobals) = postSolution
		SolutionGuid = {B5CAE17B-C59B-4784-B96D-202DC38E4B2B}
	EndGlobalSection
EndGlobal
